// !$*UTF8*$!
{
	archiveVersion = 1;
	classes = {
	};
	objectVersion = 46;
	objects = {

/* Begin PBXBuildFile section */
		C91EAE151CB7E9290083F5DB /* AppDelegate.swift in Sources */ = {isa = PBXBuildFile; fileRef = C91EAE141CB7E9290083F5DB /* AppDelegate.swift */; };
		C91EAE171CB7E92A0083F5DB /* ViewController.swift in Sources */ = {isa = PBXBuildFile; fileRef = C91EAE161CB7E92A0083F5DB /* ViewController.swift */; };
		C91EAE1A1CB7E92A0083F5DB /* Main.storyboard in Resources */ = {isa = PBXBuildFile; fileRef = C91EAE181CB7E92A0083F5DB /* Main.storyboard */; };
		C91EAE1C1CB7E92A0083F5DB /* Assets.xcassets in Resources */ = {isa = PBXBuildFile; fileRef = C91EAE1B1CB7E92A0083F5DB /* Assets.xcassets */; };
		C91EAE1F1CB7E92A0083F5DB /* LaunchScreen.storyboard in Resources */ = {isa = PBXBuildFile; fileRef = C91EAE1D1CB7E92A0083F5DB /* LaunchScreen.storyboard */; };
/* End PBXBuildFile section */

/* Begin PBXFileReference section */
		C91EAE111CB7E9290083F5DB /* HelloUIPickerView.app */ = {isa = PBXFileReference; explicitFileType = wrapper.application; includeInIndex = 0; path = HelloUIPickerView.app; sourceTree = BUILT_PRODUCTS_DIR; };
		C91EAE141CB7E9290083F5DB /* AppDelegate.swift */ = {isa = PBXFileReference; lastKnownFileType = sourcecode.swift; path = AppDelegate.swift; sourceTree = "<group>"; };
		C91EAE161CB7E92A0083F5DB /* ViewController.swift */ = {isa = PBXFileReference; lastKnownFileType = sourcecode.swift; path = ViewController.swift; sourceTree = "<group>"; };
		C91EAE191CB7E92A0083F5DB /* Base */ = {isa = PBXFileReference; lastKnownFileType = file.storyboard; name = Base; path = Base.lproj/Main.storyboard; sourceTree = "<group>"; };
		C91EAE1B1CB7E92A0083F5DB /* Assets.xcassets */ = {isa = PBXFileReference; lastKnownFileType = folder.assetcatalog; path = Assets.xcassets; sourceTree = "<group>"; };
		C91EAE1E1CB7E92A0083F5DB /* Base */ = {isa = PBXFileReference; lastKnownFileType = file.storyboard; name = Base; path = Base.lproj/LaunchScreen.storyboard; sourceTree = "<group>"; };
		C91EAE201CB7E92A0083F5DB /* Info.plist */ = {isa = PBXFileReference; lastKnownFileType = text.plist.xml; path = Info.plist; sourceTree = "<group>"; };
/* End PBXFileReference section */

/* Begin PBXFrameworksBuildPhase section */
		C91EAE0E1CB7E9290083F5DB /* Frameworks */ = {
			isa = PBXFrameworksBuildPhase;
			buildActionMask = 2147483647;
			files = (
			);
			runOnlyForDeploymentPostprocessing = 0;
		};
/* End PBXFrameworksBuildPhase section */

/* Begin PBXGroup section */
		C91EAE081CB7E9290083F5DB = {
			isa = PBXGroup;
			children = (
				C91EAE131CB7E9290083F5DB /* HelloUIPickerView */,
				C91EAE121CB7E9290083F5DB /* Products */,
			);
			sourceTree = "<group>";
		};
		C91EAE121CB7E9290083F5DB /* Products */ = {
			isa = PBXGroup;
			children = (
				C91EAE111CB7E9290083F5DB /* HelloUIPickerView.app */,
			);
			name = Products;
			sourceTree = "<group>";
		};
		C91EAE131CB7E9290083F5DB /* HelloUIPickerView */ = {
			isa = PBXGroup;
			children = (
				C91EAE141CB7E9290083F5DB /* AppDelegate.swift */,
				C91EAE161CB7E92A0083F5DB /* ViewController.swift */,
				C91EAE181CB7E92A0083F5DB /* Main.storyboard */,
				C91EAE1B1CB7E92A0083F5DB /* Assets.xcassets */,
				C91EAE1D1CB7E92A0083F5DB /* LaunchScreen.storyboard */,
				C91EAE201CB7E92A0083F5DB /* Info.plist */,
			);
			path = HelloUIPickerView;
			sourceTree = "<group>";
		};
/* End PBXGroup section */

/* Begin PBXNativeTarget section */
		C91EAE101CB7E9290083F5DB /* HelloUIPickerView */ = {
			isa = PBXNativeTarget;
			buildConfigurationList = C91EAE231CB7E92A0083F5DB /* Build configuration list for PBXNativeTarget "HelloUIPickerView" */;
			buildPhases = (
				C91EAE0D1CB7E9290083F5DB /* Sources */,
				C91EAE0E1CB7E9290083F5DB /* Frameworks */,
				C91EAE0F1CB7E9290083F5DB /* Resources */,
			);
			buildRules = (
			);
			dependencies = (
			);
			name = HelloUIPickerView;
			productName = HelloUIPickerView;
			productReference = C91EAE111CB7E9290083F5DB /* HelloUIPickerView.app */;
			productType = "com.apple.product-type.application";
		};
/* End PBXNativeTarget section */

/* Begin PBXProject section */
		C91EAE091CB7E9290083F5DB /* Project object */ = {
			isa = PBXProject;
			attributes = {
				LastSwiftUpdateCheck = 0730;
				LastUpgradeCheck = 0730;
				ORGANIZATIONNAME = Kero;
				TargetAttributes = {
					C91EAE101CB7E9290083F5DB = {
						CreatedOnToolsVersion = 7.3;
					};
				};
			};
			buildConfigurationList = C91EAE0C1CB7E9290083F5DB /* Build configuration list for PBXProject "HelloUIPickerView" */;
			compatibilityVersion = "Xcode 3.2";
			developmentRegion = English;
			hasScannedForEncodings = 0;
			knownRegions = (
				en,
				Base,
			);
			mainGroup = C91EAE081CB7E9290083F5DB;
			productRefGroup = C91EAE121CB7E9290083F5DB /* Products */;
			projectDirPath = "";
			projectRoot = "";
			targets = (
				C91EAE101CB7E9290083F5DB /* HelloUIPickerView */,
			);
		};
/* End PBXProject section */

/* Begin PBXResourcesBuildPhase section */
		C91EAE0F1CB7E9290083F5DB /* Resources */ = {
			isa = PBXResourcesBuildPhase;
			buildActionMask = 2147483647;
			files = (
				C91EAE1F1CB7E92A0083F5DB /* LaunchScreen.storyboard in Resources */,
				C91EAE1C1CB7E92A0083F5DB /* Assets.xcassets in Resources */,
				C91EAE1A1CB7E92A0083F5DB /* Main.storyboard in Resources */,
			);
			runOnlyForDeploymentPostprocessing = 0;
		};
/* End PBXResourcesBuildPhase section */

/* Begin PBXSourcesBuildPhase section */
		C91EAE0D1CB7E9290083F5DB /* Sources */ = {
			isa = PBXSourcesBuildPhase;
			buildActionMask = 2147483647;
			files = (
				C91EAE171CB7E92A0083F5DB /* ViewController.swift in Sources */,
				C91EAE151CB7E9290083F5DB /* AppDelegate.swift in Sources */,
			);
			runOnlyForDeploymentPostprocessing = 0;
		};
/* End PBXSourcesBuildPhase section */

/* Begin PBXVariantGroup section */
		C91EAE181CB7E92A0083F5DB /* Main.storyboard */ = {
			isa = PBXVariantGroup;
			children = (
				C91EAE191CB7E92A0083F5DB /* Base */,
			);
			name = Main.storyboard;
			sourceTree = "<group>";
		};
		C91EAE1D1CB7E92A0083F5DB /* LaunchScreen.storyboard */ = {
			isa = PBXVariantGroup;
			children = (
				C91EAE1E1CB7E92A0083F5DB /* Base */,
			);
			name = LaunchScreen.storyboard;
			sourceTree = "<group>";
		};
/* End PBXVariantGroup section */

/* Begin XCBuildConfiguration section */
		C91EAE211CB7E92A0083F5DB /* Debug */ = {
			isa = XCBuildConfiguration;
			buildSettings = {
				ALWAYS_SEARCH_USER_PATHS = NO;
				CLANG_ANALYZER_NONNULL = YES;
				CLANG_CXX_LANGUAGE_STANDARD = "gnu++0x";
				CLANG_CXX_LIBRARY = "libc++";
				CLANG_ENABLE_MODULES = YES;
				CLANG_ENABLE_OBJC_ARC = YES;
				CLANG_WARN_BOOL_CONVERSION = YES;
				CLANG_WARN_CONSTANT_CONVERSION = YES;
				CLANG_WARN_DIRECT_OBJC_ISA_USAGE = YES_ERROR;
				CLANG_WARN_EMPTY_BODY = YES;
				CLANG_WARN_ENUM_CONVERSION = YES;
				CLANG_WARN_INT_CONVERSION = YES;
				CLANG_WARN_OBJC_ROOT_CLASS = YES_ERROR;
				CLANG_WARN_UNREACHABLE_CODE = YES;
				CLANG_WARN__DUPLICATE_METHOD_MATCH = YES;
				"CODE_SIGN_IDENTITY[sdk=iphoneos*]" = "iPhone Developer";
				COPY_PHASE_STRIP = NO;
				DEBUG_INFORMATION_FORMAT = dwarf;
				ENABLE_STRICT_OBJC_MSGSEND = YES;
				ENABLE_TESTABILITY = YES;
				GCC_C_LANGUAGE_STANDARD = gnu99;
				GCC_DYNAMIC_NO_PIC = NO;
				GCC_NO_COMMON_BLOCKS = YES;
				GCC_OPTIMIZATION_LEVEL = 0;
				GCC_PREPROCESSOR_DEFINITIONS = (
					"DEBUG=1",
					"$(inherited)",
				);
				GCC_WARN_64_TO_32_BIT_CONVERSION = YES;
				GCC_WARN_ABOUT_RETURN_TYPE = YES_ERROR;
				GCC_WARN_UNDECLARED_SELECTOR = YES;
				GCC_WARN_UNINITIALIZED_AUTOS = YES_AGGRESSIVE;
				GCC_WARN_UNUSED_FUNCTION = YES;
				GCC_WARN_UNUSED_VARIABLE = YES;
				IPHONEOS_DEPLOYMENT_TARGET = 9.3;
				MTL_ENABLE_DEBUG_INFO = YES;
				ONLY_ACTIVE_ARCH = YES;
				SDKROOT = iphoneos;
				SWIFT_OPTIMIZATION_LEVEL = "-Onone";
				TARGETED_DEVICE_FAMILY = "1,2";
			};
			name = Debug;
		};
		C91EAE221CB7E92A0083F5DB /* Release */ = {
			isa = XCBuildConfiguration;
			buildSettings = {
				ALWAYS_SEARCH_USER_PATHS = NO;
				CLANG_ANALYZER_NONNULL = YES;
				CLANG_CXX_LANGUAGE_STANDARD = "gnu++0x";
				CLANG_CXX_LIBRARY = "libc++";
				CLANG_ENABLE_MODULES = YES;
				CLANG_ENABLE_OBJC_ARC = YES;
				CLANG_WARN_BOOL_CONVERSION = YES;
				CLANG_WARN_CONSTANT_CONVERSION = YES;
				CLANG_WARN_DIRECT_OBJC_ISA_USAGE = YES_ERROR;
				CLANG_WARN_EMPTY_BODY = YES;
				CLANG_WARN_ENUM_CONVERSION = YES;
				CLANG_WARN_INT_CONVERSION = YES;
				CLANG_WARN_OBJC_ROOT_CLASS = YES_ERROR;
				CLANG_WARN_UNREACHABLE_CODE = YES;
				CLANG_WARN__DUPLICATE_METHOD_MATCH = YES;
				"CODE_SIGN_IDENTITY[sdk=iphoneos*]" = "iPhone Developer";
				COPY_PHASE_STRIP = NO;
				DEBUG_INFORMATION_FORMAT = "dwarf-with-dsym";
				ENABLE_NS_ASSERTIONS = NO;
				ENABLE_STRICT_OBJC_MSGSEND = YES;
				GCC_C_LANGUAGE_STANDARD = gnu99;
				GCC_NO_COMMON_BLOCKS = YES;
				GCC_WARN_64_TO_32_BIT_CONVERSION = YES;
				GCC_WARN_ABOUT_RETURN_TYPE = YES_ERROR;
				GCC_WARN_UNDECLARED_SELECTOR = YES;
				GCC_WARN_UNINITIALIZED_AUTOS = YES_AGGRESSIVE;
				GCC_WARN_UNUSED_FUNCTION = YES;
				GCC_WARN_UNUSED_VARIABLE = YES;
				IPHONEOS_DEPLOYMENT_TARGET = 9.3;
				MTL_ENABLE_DEBUG_INFO = NO;
				SDKROOT = iphoneos;
				TARGETED_DEVICE_FAMILY = "1,2";
				VALIDATE_PRODUCT = YES;
			};
			name = Release;
		};
		C91EAE241CB7E92A0083F5DB /* Debug */ = {
			isa = XCBuildConfiguration;
			buildSettings = {
				ASSETCATALOG_COMPILER_APPICON_NAME = AppIcon;
				INFOPLIST_FILE = HelloUIPickerView/Info.plist;
				LD_RUNPATH_SEARCH_PATHS = "$(inherited) @executable_path/Frameworks";
				PRODUCT_BUNDLE_IDENTIFIER = com.kero.HelloUIPickerView;
				PRODUCT_NAME = "$(TARGET_NAME)";
			};
			name = Debug;
		};
		C91EAE251CB7E92A0083F5DB /* Release */ = {
			isa = XCBuildConfiguration;
			buildSettings = {
				ASSETCATALOG_COMPILER_APPICON_NAME = AppIcon;
				INFOPLIST_FILE = HelloUIPickerView/Info.plist;
				LD_RUNPATH_SEARCH_PATHS = "$(inherited) @executable_path/Frameworks";
				PRODUCT_BUNDLE_IDENTIFIER = com.kero.HelloUIPickerView;
				PRODUCT_NAME = "$(TARGET_NAME)";
			};
			name = Release;
		};
/* End XCBuildConfiguration section */

/* Begin XCConfigurationList section */
		C91EAE0C1CB7E9290083F5DB /* Build configuration list for PBXProject "HelloUIPickerView" */ = {
			isa = XCConfigurationList;
			buildConfigurations = (
				C91EAE211CB7E92A0083F5DB /* Debug */,
				C91EAE221CB7E92A0083F5DB /* Release */,
			);
			defaultConfigurationIsVisible = 0;
			defaultConfigurationName = Release;
		};
		C91EAE231CB7E92A0083F5DB /* Build configuration list for PBXNativeTarget "HelloUIPickerView" */ = {
			isa = XCConfigurationList;
			buildConfigurations = (
				C91EAE241CB7E92A0083F5DB /* Debug */,
				C91EAE251CB7E92A0083F5DB /* Release */,
			);
			defaultConfigurationIsVisible = 0;
		};
/* End XCConfigurationList section */
	};
	rootObject = C91EAE091CB7E9290083F5DB /* Project object */;
}
