// !$*UTF8*$!
{
	archiveVersion = 1;
	classes = {
	};
	objectVersion = 46;
	objects = {

/* Begin PBXBuildFile section */
		C90180841DA50683006D9B68 /* explosion.wav in Resources */ = {isa = PBXBuildFile; fileRef = C90180831DA50683006D9B68 /* explosion.wav */; };
		C98235F71DA92AF600C4450B /* HirukoBlackAlternate.ttf in Resources */ = {isa = PBXBuildFile; fileRef = C98235F61DA92AF600C4450B /* HirukoBlackAlternate.ttf */; };
		C98E42631D9A338E004F412F /* AppDelegate.swift in Sources */ = {isa = PBXBuildFile; fileRef = C98E42621D9A338E004F412F /* AppDelegate.swift */; };
		C98E42651D9A338E004F412F /* GameScene.sks in Resources */ = {isa = PBXBuildFile; fileRef = C98E42641D9A338E004F412F /* GameScene.sks */; };
		C98E42671D9A338E004F412F /* GameScene.swift in Sources */ = {isa = PBXBuildFile; fileRef = C98E42661D9A338E004F412F /* GameScene.swift */; };
		C98E42691D9A338E004F412F /* GameViewController.swift in Sources */ = {isa = PBXBuildFile; fileRef = C98E42681D9A338E004F412F /* GameViewController.swift */; };
		C98E426C1D9A338E004F412F /* Main.storyboard in Resources */ = {isa = PBXBuildFile; fileRef = C98E426A1D9A338E004F412F /* Main.storyboard */; };
		C98E426E1D9A338E004F412F /* Assets.xcassets in Resources */ = {isa = PBXBuildFile; fileRef = C98E426D1D9A338E004F412F /* Assets.xcassets */; };
		C98E42711D9A338E004F412F /* LaunchScreen.storyboard in Resources */ = {isa = PBXBuildFile; fileRef = C98E426F1D9A338E004F412F /* LaunchScreen.storyboard */; };
		C98E427C1D9A338E004F412F /* Solo_MissionTests.swift in Sources */ = {isa = PBXBuildFile; fileRef = C98E427B1D9A338E004F412F /* Solo_MissionTests.swift */; };
		C98E42871D9A338E004F412F /* Solo_MissionUITests.swift in Sources */ = {isa = PBXBuildFile; fileRef = C98E42861D9A338E004F412F /* Solo_MissionUITests.swift */; };
		C98E42951D9A48AF004F412F /* shooting.wav in Resources */ = {isa = PBXBuildFile; fileRef = C98E42941D9A48AF004F412F /* shooting.wav */; };
/* End PBXBuildFile section */

/* Begin PBXContainerItemProxy section */
		C98E42781D9A338E004F412F /* PBXContainerItemProxy */ = {
			isa = PBXContainerItemProxy;
			containerPortal = C98E42571D9A338E004F412F /* Project object */;
			proxyType = 1;
			remoteGlobalIDString = C98E425E1D9A338E004F412F;
			remoteInfo = "Solo Mission";
		};
		C98E42831D9A338E004F412F /* PBXContainerItemProxy */ = {
			isa = PBXContainerItemProxy;
			containerPortal = C98E42571D9A338E004F412F /* Project object */;
			proxyType = 1;
			remoteGlobalIDString = C98E425E1D9A338E004F412F;
			remoteInfo = "Solo Mission";
		};
/* End PBXContainerItemProxy section */

/* Begin PBXFileReference section */
		C90180831DA50683006D9B68 /* explosion.wav */ = {isa = PBXFileReference; lastKnownFileType = audio.wav; path = explosion.wav; sourceTree = "<group>"; };
		C98235F61DA92AF600C4450B /* HirukoBlackAlternate.ttf */ = {isa = PBXFileReference; lastKnownFileType = file; path = HirukoBlackAlternate.ttf; sourceTree = "<group>"; };
		C98E425F1D9A338E004F412F /* Solo Mission.app */ = {isa = PBXFileReference; explicitFileType = wrapper.application; includeInIndex = 0; path = "Solo Mission.app"; sourceTree = BUILT_PRODUCTS_DIR; };
		C98E42621D9A338E004F412F /* AppDelegate.swift */ = {isa = PBXFileReference; lastKnownFileType = sourcecode.swift; path = AppDelegate.swift; sourceTree = "<group>"; };
		C98E42641D9A338E004F412F /* GameScene.sks */ = {isa = PBXFileReference; lastKnownFileType = file.sks; path = GameScene.sks; sourceTree = "<group>"; };
		C98E42661D9A338E004F412F /* GameScene.swift */ = {isa = PBXFileReference; lastKnownFileType = sourcecode.swift; path = GameScene.swift; sourceTree = "<group>"; };
		C98E42681D9A338E004F412F /* GameViewController.swift */ = {isa = PBXFileReference; lastKnownFileType = sourcecode.swift; path = GameViewController.swift; sourceTree = "<group>"; };
		C98E426B1D9A338E004F412F /* Base */ = {isa = PBXFileReference; lastKnownFileType = file.storyboard; name = Base; path = Base.lproj/Main.storyboard; sourceTree = "<group>"; };
		C98E426D1D9A338E004F412F /* Assets.xcassets */ = {isa = PBXFileReference; lastKnownFileType = folder.assetcatalog; path = Assets.xcassets; sourceTree = "<group>"; };
		C98E42701D9A338E004F412F /* Base */ = {isa = PBXFileReference; lastKnownFileType = file.storyboard; name = Base; path = Base.lproj/LaunchScreen.storyboard; sourceTree = "<group>"; };
		C98E42721D9A338E004F412F /* Info.plist */ = {isa = PBXFileReference; lastKnownFileType = text.plist.xml; path = Info.plist; sourceTree = "<group>"; };
		C98E42771D9A338E004F412F /* Solo MissionTests.xctest */ = {isa = PBXFileReference; explicitFileType = wrapper.cfbundle; includeInIndex = 0; path = "Solo MissionTests.xctest"; sourceTree = BUILT_PRODUCTS_DIR; };
		C98E427B1D9A338E004F412F /* Solo_MissionTests.swift */ = {isa = PBXFileReference; lastKnownFileType = sourcecode.swift; path = Solo_MissionTests.swift; sourceTree = "<group>"; };
		C98E427D1D9A338E004F412F /* Info.plist */ = {isa = PBXFileReference; lastKnownFileType = text.plist.xml; path = Info.plist; sourceTree = "<group>"; };
		C98E42821D9A338E004F412F /* Solo MissionUITests.xctest */ = {isa = PBXFileReference; explicitFileType = wrapper.cfbundle; includeInIndex = 0; path = "Solo MissionUITests.xctest"; sourceTree = BUILT_PRODUCTS_DIR; };
		C98E42861D9A338E004F412F /* Solo_MissionUITests.swift */ = {isa = PBXFileReference; lastKnownFileType = sourcecode.swift; path = Solo_MissionUITests.swift; sourceTree = "<group>"; };
		C98E42881D9A338E004F412F /* Info.plist */ = {isa = PBXFileReference; lastKnownFileType = text.plist.xml; path = Info.plist; sourceTree = "<group>"; };
		C98E42941D9A48AF004F412F /* shooting.wav */ = {isa = PBXFileReference; lastKnownFileType = audio.wav; path = shooting.wav; sourceTree = "<group>"; };
/* End PBXFileReference section */

/* Begin PBXFrameworksBuildPhase section */
		C98E425C1D9A338E004F412F /* Frameworks */ = {
			isa = PBXFrameworksBuildPhase;
			buildActionMask = 2147483647;
			files = (
			);
			runOnlyForDeploymentPostprocessing = 0;
		};
		C98E42741D9A338E004F412F /* Frameworks */ = {
			isa = PBXFrameworksBuildPhase;
			buildActionMask = 2147483647;
			files = (
			);
			runOnlyForDeploymentPostprocessing = 0;
		};
		C98E427F1D9A338E004F412F /* Frameworks */ = {
			isa = PBXFrameworksBuildPhase;
			buildActionMask = 2147483647;
			files = (
			);
			runOnlyForDeploymentPostprocessing = 0;
		};
/* End PBXFrameworksBuildPhase section */

/* Begin PBXGroup section */
		C98E42561D9A338E004F412F = {
			isa = PBXGroup;
			children = (
				C98E42611D9A338E004F412F /* Solo Mission */,
				C98E427A1D9A338E004F412F /* Solo MissionTests */,
				C98E42851D9A338E004F412F /* Solo MissionUITests */,
				C98E42601D9A338E004F412F /* Products */,
			);
			sourceTree = "<group>";
		};
		C98E42601D9A338E004F412F /* Products */ = {
			isa = PBXGroup;
			children = (
				C98E425F1D9A338E004F412F /* Solo Mission.app */,
				C98E42771D9A338E004F412F /* Solo MissionTests.xctest */,
				C98E42821D9A338E004F412F /* Solo MissionUITests.xctest */,
			);
			name = Products;
			sourceTree = "<group>";
		};
		C98E42611D9A338E004F412F /* Solo Mission */ = {
			isa = PBXGroup;
			children = (
				C98E42621D9A338E004F412F /* AppDelegate.swift */,
				C98E42641D9A338E004F412F /* GameScene.sks */,
				C98E42661D9A338E004F412F /* GameScene.swift */,
				C98E42681D9A338E004F412F /* GameViewController.swift */,
				C98E426A1D9A338E004F412F /* Main.storyboard */,
				C98E42941D9A48AF004F412F /* shooting.wav */,
				C90180831DA50683006D9B68 /* explosion.wav */,
				C98235F61DA92AF600C4450B /* HirukoBlackAlternate.ttf */,
				C98E426D1D9A338E004F412F /* Assets.xcassets */,
				C98E426F1D9A338E004F412F /* LaunchScreen.storyboard */,
				C98E42721D9A338E004F412F /* Info.plist */,
			);
			path = "Solo Mission";
			sourceTree = "<group>";
		};
		C98E427A1D9A338E004F412F /* Solo MissionTests */ = {
			isa = PBXGroup;
			children = (
				C98E427B1D9A338E004F412F /* Solo_MissionTests.swift */,
				C98E427D1D9A338E004F412F /* Info.plist */,
			);
			path = "Solo MissionTests";
			sourceTree = "<group>";
		};
		C98E42851D9A338E004F412F /* Solo MissionUITests */ = {
			isa = PBXGroup;
			children = (
				C98E42861D9A338E004F412F /* Solo_MissionUITests.swift */,
				C98E42881D9A338E004F412F /* Info.plist */,
			);
			path = "Solo MissionUITests";
			sourceTree = "<group>";
		};
/* End PBXGroup section */

/* Begin PBXNativeTarget section */
		C98E425E1D9A338E004F412F /* Solo Mission */ = {
			isa = PBXNativeTarget;
			buildConfigurationList = C98E428B1D9A338E004F412F /* Build configuration list for PBXNativeTarget "Solo Mission" */;
			buildPhases = (
				C98E425B1D9A338E004F412F /* Sources */,
				C98E425C1D9A338E004F412F /* Frameworks */,
				C98E425D1D9A338E004F412F /* Resources */,
			);
			buildRules = (
			);
			dependencies = (
			);
			name = "Solo Mission";
			productName = "Solo Mission";
			productReference = C98E425F1D9A338E004F412F /* Solo Mission.app */;
			productType = "com.apple.product-type.application";
		};
		C98E42761D9A338E004F412F /* Solo MissionTests */ = {
			isa = PBXNativeTarget;
			buildConfigurationList = C98E428E1D9A338E004F412F /* Build configuration list for PBXNativeTarget "Solo MissionTests" */;
			buildPhases = (
				C98E42731D9A338E004F412F /* Sources */,
				C98E42741D9A338E004F412F /* Frameworks */,
				C98E42751D9A338E004F412F /* Resources */,
			);
			buildRules = (
			);
			dependencies = (
				C98E42791D9A338E004F412F /* PBXTargetDependency */,
			);
			name = "Solo MissionTests";
			productName = "Solo MissionTests";
			productReference = C98E42771D9A338E004F412F /* Solo MissionTests.xctest */;
			productType = "com.apple.product-type.bundle.unit-test";
		};
		C98E42811D9A338E004F412F /* Solo MissionUITests */ = {
			isa = PBXNativeTarget;
			buildConfigurationList = C98E42911D9A338E004F412F /* Build configuration list for PBXNativeTarget "Solo MissionUITests" */;
			buildPhases = (
				C98E427E1D9A338E004F412F /* Sources */,
				C98E427F1D9A338E004F412F /* Frameworks */,
				C98E42801D9A338E004F412F /* Resources */,
			);
			buildRules = (
			);
			dependencies = (
				C98E42841D9A338E004F412F /* PBXTargetDependency */,
			);
			name = "Solo MissionUITests";
			productName = "Solo MissionUITests";
			productReference = C98E42821D9A338E004F412F /* Solo MissionUITests.xctest */;
			productType = "com.apple.product-type.bundle.ui-testing";
		};
/* End PBXNativeTarget section */

/* Begin PBXProject section */
		C98E42571D9A338E004F412F /* Project object */ = {
			isa = PBXProject;
			attributes = {
				LastSwiftUpdateCheck = 0730;
				LastUpgradeCheck = 0730;
				ORGANIZATIONNAME = Kero;
				TargetAttributes = {
					C98E425E1D9A338E004F412F = {
						CreatedOnToolsVersion = 7.3.1;
					};
					C98E42761D9A338E004F412F = {
						CreatedOnToolsVersion = 7.3.1;
						TestTargetID = C98E425E1D9A338E004F412F;
					};
					C98E42811D9A338E004F412F = {
						CreatedOnToolsVersion = 7.3.1;
						TestTargetID = C98E425E1D9A338E004F412F;
					};
				};
			};
			buildConfigurationList = C98E425A1D9A338E004F412F /* Build configuration list for PBXProject "Solo Mission" */;
			compatibilityVersion = "Xcode 3.2";
			developmentRegion = English;
			hasScannedForEncodings = 0;
			knownRegions = (
				en,
				Base,
			);
			mainGroup = C98E42561D9A338E004F412F;
			productRefGroup = C98E42601D9A338E004F412F /* Products */;
			projectDirPath = "";
			projectRoot = "";
			targets = (
				C98E425E1D9A338E004F412F /* Solo Mission */,
				C98E42761D9A338E004F412F /* Solo MissionTests */,
				C98E42811D9A338E004F412F /* Solo MissionUITests */,
			);
		};
/* End PBXProject section */

/* Begin PBXResourcesBuildPhase section */
		C98E425D1D9A338E004F412F /* Resources */ = {
			isa = PBXResourcesBuildPhase;
			buildActionMask = 2147483647;
			files = (
				C90180841DA50683006D9B68 /* explosion.wav in Resources */,
				C98E42651D9A338E004F412F /* GameScene.sks in Resources */,
				C98235F71DA92AF600C4450B /* HirukoBlackAlternate.ttf in Resources */,
				C98E42711D9A338E004F412F /* LaunchScreen.storyboard in Resources */,
				C98E42951D9A48AF004F412F /* shooting.wav in Resources */,
				C98E426E1D9A338E004F412F /* Assets.xcassets in Resources */,
				C98E426C1D9A338E004F412F /* Main.storyboard in Resources */,
			);
			runOnlyForDeploymentPostprocessing = 0;
		};
		C98E42751D9A338E004F412F /* Resources */ = {
			isa = PBXResourcesBuildPhase;
			buildActionMask = 2147483647;
			files = (
			);
			runOnlyForDeploymentPostprocessing = 0;
		};
		C98E42801D9A338E004F412F /* Resources */ = {
			isa = PBXResourcesBuildPhase;
			buildActionMask = 2147483647;
			files = (
			);
			runOnlyForDeploymentPostprocessing = 0;
		};
/* End PBXResourcesBuildPhase section */

/* Begin PBXSourcesBuildPhase section */
		C98E425B1D9A338E004F412F /* Sources */ = {
			isa = PBXSourcesBuildPhase;
			buildActionMask = 2147483647;
			files = (
				C98E42671D9A338E004F412F /* GameScene.swift in Sources */,
				C98E42691D9A338E004F412F /* GameViewController.swift in Sources */,
				C98E42631D9A338E004F412F /* AppDelegate.swift in Sources */,
			);
			runOnlyForDeploymentPostprocessing = 0;
		};
		C98E42731D9A338E004F412F /* Sources */ = {
			isa = PBXSourcesBuildPhase;
			buildActionMask = 2147483647;
			files = (
				C98E427C1D9A338E004F412F /* Solo_MissionTests.swift in Sources */,
			);
			runOnlyForDeploymentPostprocessing = 0;
		};
		C98E427E1D9A338E004F412F /* Sources */ = {
			isa = PBXSourcesBuildPhase;
			buildActionMask = 2147483647;
			files = (
				C98E42871D9A338E004F412F /* Solo_MissionUITests.swift in Sources */,
			);
			runOnlyForDeploymentPostprocessing = 0;
		};
/* End PBXSourcesBuildPhase section */

/* Begin PBXTargetDependency section */
		C98E42791D9A338E004F412F /* PBXTargetDependency */ = {
			isa = PBXTargetDependency;
			target = C98E425E1D9A338E004F412F /* Solo Mission */;
			targetProxy = C98E42781D9A338E004F412F /* PBXContainerItemProxy */;
		};
		C98E42841D9A338E004F412F /* PBXTargetDependency */ = {
			isa = PBXTargetDependency;
			target = C98E425E1D9A338E004F412F /* Solo Mission */;
			targetProxy = C98E42831D9A338E004F412F /* PBXContainerItemProxy */;
		};
/* End PBXTargetDependency section */

/* Begin PBXVariantGroup section */
		C98E426A1D9A338E004F412F /* Main.storyboard */ = {
			isa = PBXVariantGroup;
			children = (
				C98E426B1D9A338E004F412F /* Base */,
			);
			name = Main.storyboard;
			sourceTree = "<group>";
		};
		C98E426F1D9A338E004F412F /* LaunchScreen.storyboard */ = {
			isa = PBXVariantGroup;
			children = (
				C98E42701D9A338E004F412F /* Base */,
			);
			name = LaunchScreen.storyboard;
			sourceTree = "<group>";
		};
/* End PBXVariantGroup section */

/* Begin XCBuildConfiguration section */
		C98E42891D9A338E004F412F /* Debug */ = {
			isa = XCBuildConfiguration;
			buildSettings = {
				ALWAYS_SEARCH_USER_PATHS = NO;
				CLANG_ANALYZER_NONNULL = YES;
				CLANG_CXX_LANGUAGE_STANDARD = "gnu++0x";
				CLANG_CXX_LIBRARY = "libc++";
				CLANG_ENABLE_MODULES = YES;
				CLANG_ENABLE_OBJC_ARC = YES;
				CLANG_WARN_BOOL_CONVERSION = YES;
				CLANG_WARN_CONSTANT_CONVERSION = YES;
				CLANG_WARN_DIRECT_OBJC_ISA_USAGE = YES_ERROR;
				CLANG_WARN_EMPTY_BODY = YES;
				CLANG_WARN_ENUM_CONVERSION = YES;
				CLANG_WARN_INT_CONVERSION = YES;
				CLANG_WARN_OBJC_ROOT_CLASS = YES_ERROR;
				CLANG_WARN_UNREACHABLE_CODE = YES;
				CLANG_WARN__DUPLICATE_METHOD_MATCH = YES;
				"CODE_SIGN_IDENTITY[sdk=iphoneos*]" = "iPhone Developer";
				COPY_PHASE_STRIP = NO;
				DEBUG_INFORMATION_FORMAT = "dwarf-with-dsym";
				ENABLE_STRICT_OBJC_MSGSEND = YES;
				ENABLE_TESTABILITY = YES;
				GCC_C_LANGUAGE_STANDARD = gnu99;
				GCC_DYNAMIC_NO_PIC = NO;
				GCC_NO_COMMON_BLOCKS = YES;
				GCC_OPTIMIZATION_LEVEL = 0;
				GCC_PREPROCESSOR_DEFINITIONS = (
					"DEBUG=1",
					"$(inherited)",
				);
				GCC_WARN_64_TO_32_BIT_CONVERSION = YES;
				GCC_WARN_ABOUT_RETURN_TYPE = YES_ERROR;
				GCC_WARN_UNDECLARED_SELECTOR = YES;
				GCC_WARN_UNINITIALIZED_AUTOS = YES_AGGRESSIVE;
				GCC_WARN_UNUSED_FUNCTION = YES;
				GCC_WARN_UNUSED_VARIABLE = YES;
				IPHONEOS_DEPLOYMENT_TARGET = 9.3;
				MTL_ENABLE_DEBUG_INFO = YES;
				ONLY_ACTIVE_ARCH = YES;
				SDKROOT = iphoneos;
				SWIFT_OPTIMIZATION_LEVEL = "-Onone";
				TARGETED_DEVICE_FAMILY = "1,2";
			};
			name = Debug;
		};
		C98E428A1D9A338E004F412F /* Release */ = {
			isa = XCBuildConfiguration;
			buildSettings = {
				ALWAYS_SEARCH_USER_PATHS = NO;
				CLANG_ANALYZER_NONNULL = YES;
				CLANG_CXX_LANGUAGE_STANDARD = "gnu++0x";
				CLANG_CXX_LIBRARY = "libc++";
				CLANG_ENABLE_MODULES = YES;
				CLANG_ENABLE_OBJC_ARC = YES;
				CLANG_WARN_BOOL_CONVERSION = YES;
				CLANG_WARN_CONSTANT_CONVERSION = YES;
				CLANG_WARN_DIRECT_OBJC_ISA_USAGE = YES_ERROR;
				CLANG_WARN_EMPTY_BODY = YES;
				CLANG_WARN_ENUM_CONVERSION = YES;
				CLANG_WARN_INT_CONVERSION = YES;
				CLANG_WARN_OBJC_ROOT_CLASS = YES_ERROR;
				CLANG_WARN_UNREACHABLE_CODE = YES;
				CLANG_WARN__DUPLICATE_METHOD_MATCH = YES;
				"CODE_SIGN_IDENTITY[sdk=iphoneos*]" = "iPhone Developer";
				COPY_PHASE_STRIP = NO;
				DEBUG_INFORMATION_FORMAT = "dwarf-with-dsym";
				ENABLE_NS_ASSERTIONS = NO;
				ENABLE_STRICT_OBJC_MSGSEND = YES;
				GCC_C_LANGUAGE_STANDARD = gnu99;
				GCC_NO_COMMON_BLOCKS = YES;
				GCC_WARN_64_TO_32_BIT_CONVERSION = YES;
				GCC_WARN_ABOUT_RETURN_TYPE = YES_ERROR;
				GCC_WARN_UNDECLARED_SELECTOR = YES;
				GCC_WARN_UNINITIALIZED_AUTOS = YES_AGGRESSIVE;
				GCC_WARN_UNUSED_FUNCTION = YES;
				GCC_WARN_UNUSED_VARIABLE = YES;
				IPHONEOS_DEPLOYMENT_TARGET = 9.3;
				MTL_ENABLE_DEBUG_INFO = NO;
				SDKROOT = iphoneos;
				TARGETED_DEVICE_FAMILY = "1,2";
				VALIDATE_PRODUCT = YES;
			};
			name = Release;
		};
		C98E428C1D9A338E004F412F /* Debug */ = {
			isa = XCBuildConfiguration;
			buildSettings = {
				ASSETCATALOG_COMPILER_APPICON_NAME = AppIcon;
				INFOPLIST_FILE = "Solo Mission/Info.plist";
				IPHONEOS_DEPLOYMENT_TARGET = 9.0;
				LD_RUNPATH_SEARCH_PATHS = "$(inherited) @executable_path/Frameworks";
				PRODUCT_BUNDLE_IDENTIFIER = "com.kero.Solo-Mission";
				PRODUCT_NAME = "$(TARGET_NAME)";
				TARGETED_DEVICE_FAMILY = "1,2";
			};
			name = Debug;
		};
		C98E428D1D9A338E004F412F /* Release */ = {
			isa = XCBuildConfiguration;
			buildSettings = {
				ASSETCATALOG_COMPILER_APPICON_NAME = AppIcon;
				INFOPLIST_FILE = "Solo Mission/Info.plist";
				IPHONEOS_DEPLOYMENT_TARGET = 9.0;
				LD_RUNPATH_SEARCH_PATHS = "$(inherited) @executable_path/Frameworks";
				PRODUCT_BUNDLE_IDENTIFIER = "com.kero.Solo-Mission";
				PRODUCT_NAME = "$(TARGET_NAME)";
				TARGETED_DEVICE_FAMILY = "1,2";
			};
			name = Release;
		};
		C98E428F1D9A338E004F412F /* Debug */ = {
			isa = XCBuildConfiguration;
			buildSettings = {
				BUNDLE_LOADER = "$(TEST_HOST)";
				DEBUG_INFORMATION_FORMAT = dwarf;
				INFOPLIST_FILE = "Solo MissionTests/Info.plist";
				LD_RUNPATH_SEARCH_PATHS = "$(inherited) @executable_path/Frameworks @loader_path/Frameworks";
				PRODUCT_BUNDLE_IDENTIFIER = "com.kero.Solo-MissionTests";
				PRODUCT_NAME = "$(TARGET_NAME)";
				TEST_HOST = "$(BUILT_PRODUCTS_DIR)/Solo Mission.app/Solo Mission";
			};
			name = Debug;
		};
		C98E42901D9A338E004F412F /* Release */ = {
			isa = XCBuildConfiguration;
			buildSettings = {
				BUNDLE_LOADER = "$(TEST_HOST)";
				INFOPLIST_FILE = "Solo MissionTests/Info.plist";
				LD_RUNPATH_SEARCH_PATHS = "$(inherited) @executable_path/Frameworks @loader_path/Frameworks";
				PRODUCT_BUNDLE_IDENTIFIER = "com.kero.Solo-MissionTests";
				PRODUCT_NAME = "$(TARGET_NAME)";
				TEST_HOST = "$(BUILT_PRODUCTS_DIR)/Solo Mission.app/Solo Mission";
			};
			name = Release;
		};
		C98E42921D9A338E004F412F /* Debug */ = {
			isa = XCBuildConfiguration;
			buildSettings = {
				DEBUG_INFORMATION_FORMAT = dwarf;
				INFOPLIST_FILE = "Solo MissionUITests/Info.plist";
				LD_RUNPATH_SEARCH_PATHS = "$(inherited) @executable_path/Frameworks @loader_path/Frameworks";
				PRODUCT_BUNDLE_IDENTIFIER = "com.kero.Solo-MissionUITests";
				PRODUCT_NAME = "$(TARGET_NAME)";
				TEST_TARGET_NAME = "Solo Mission";
			};
			name = Debug;
		};
		C98E42931D9A338E004F412F /* Release */ = {
			isa = XCBuildConfiguration;
			buildSettings = {
				INFOPLIST_FILE = "Solo MissionUITests/Info.plist";
				LD_RUNPATH_SEARCH_PATHS = "$(inherited) @executable_path/Frameworks @loader_path/Frameworks";
				PRODUCT_BUNDLE_IDENTIFIER = "com.kero.Solo-MissionUITests";
				PRODUCT_NAME = "$(TARGET_NAME)";
				TEST_TARGET_NAME = "Solo Mission";
			};
			name = Release;
		};
/* End XCBuildConfiguration section */

/* Begin XCConfigurationList section */
		C98E425A1D9A338E004F412F /* Build configuration list for PBXProject "Solo Mission" */ = {
			isa = XCConfigurationList;
			buildConfigurations = (
				C98E42891D9A338E004F412F /* Debug */,
				C98E428A1D9A338E004F412F /* Release */,
			);
			defaultConfigurationIsVisible = 0;
			defaultConfigurationName = Release;
		};
		C98E428B1D9A338E004F412F /* Build configuration list for PBXNativeTarget "Solo Mission" */ = {
			isa = XCConfigurationList;
			buildConfigurations = (
				C98E428C1D9A338E004F412F /* Debug */,
				C98E428D1D9A338E004F412F /* Release */,
			);
			defaultConfigurationIsVisible = 0;
			defaultConfigurationName = Release;
		};
		C98E428E1D9A338E004F412F /* Build configuration list for PBXNativeTarget "Solo MissionTests" */ = {
			isa = XCConfigurationList;
			buildConfigurations = (
				C98E428F1D9A338E004F412F /* Debug */,
				C98E42901D9A338E004F412F /* Release */,
			);
			defaultConfigurationIsVisible = 0;
			defaultConfigurationName = Release;
		};
		C98E42911D9A338E004F412F /* Build configuration list for PBXNativeTarget "Solo MissionUITests" */ = {
			isa = XCConfigurationList;
			buildConfigurations = (
				C98E42921D9A338E004F412F /* Debug */,
				C98E42931D9A338E004F412F /* Release */,
			);
			defaultConfigurationIsVisible = 0;
			defaultConfigurationName = Release;
		};
/* End XCConfigurationList section */
	};
	rootObject = C98E42571D9A338E004F412F /* Project object */;
}
