// !$*UTF8*$!
{
	archiveVersion = 1;
	classes = {
	};
	objectVersion = 46;
	objects = {

/* Begin PBXBuildFile section */
		C90CBCB61CA808D600F1AD33 /* AppDelegate.swift in Sources */ = {isa = PBXBuildFile; fileRef = C90CBCB51CA808D600F1AD33 /* AppDelegate.swift */; };
		C90CBCB81CA808D600F1AD33 /* ViewController.swift in Sources */ = {isa = PBXBuildFile; fileRef = C90CBCB71CA808D600F1AD33 /* ViewController.swift */; };
		C90CBCBB1CA808D600F1AD33 /* Main.storyboard in Resources */ = {isa = PBXBuildFile; fileRef = C90CBCB91CA808D600F1AD33 /* Main.storyboard */; };
		C90CBCBD1CA808D600F1AD33 /* Assets.xcassets in Resources */ = {isa = PBXBuildFile; fileRef = C90CBCBC1CA808D600F1AD33 /* Assets.xcassets */; };
		C90CBCC01CA808D600F1AD33 /* LaunchScreen.storyboard in Resources */ = {isa = PBXBuildFile; fileRef = C90CBCBE1CA808D600F1AD33 /* LaunchScreen.storyboard */; };
/* End PBXBuildFile section */

/* Begin PBXFileReference section */
		C90CBCB21CA808D600F1AD33 /* HelloUIView.app */ = {isa = PBXFileReference; explicitFileType = wrapper.application; includeInIndex = 0; path = HelloUIView.app; sourceTree = BUILT_PRODUCTS_DIR; };
		C90CBCB51CA808D600F1AD33 /* AppDelegate.swift */ = {isa = PBXFileReference; lastKnownFileType = sourcecode.swift; path = AppDelegate.swift; sourceTree = "<group>"; };
		C90CBCB71CA808D600F1AD33 /* ViewController.swift */ = {isa = PBXFileReference; lastKnownFileType = sourcecode.swift; path = ViewController.swift; sourceTree = "<group>"; };
		C90CBCBA1CA808D600F1AD33 /* Base */ = {isa = PBXFileReference; lastKnownFileType = file.storyboard; name = Base; path = Base.lproj/Main.storyboard; sourceTree = "<group>"; };
		C90CBCBC1CA808D600F1AD33 /* Assets.xcassets */ = {isa = PBXFileReference; lastKnownFileType = folder.assetcatalog; path = Assets.xcassets; sourceTree = "<group>"; };
		C90CBCBF1CA808D600F1AD33 /* Base */ = {isa = PBXFileReference; lastKnownFileType = file.storyboard; name = Base; path = Base.lproj/LaunchScreen.storyboard; sourceTree = "<group>"; };
		C90CBCC11CA808D600F1AD33 /* Info.plist */ = {isa = PBXFileReference; lastKnownFileType = text.plist.xml; path = Info.plist; sourceTree = "<group>"; };
/* End PBXFileReference section */

/* Begin PBXFrameworksBuildPhase section */
		C90CBCAF1CA808D600F1AD33 /* Frameworks */ = {
			isa = PBXFrameworksBuildPhase;
			buildActionMask = 2147483647;
			files = (
			);
			runOnlyForDeploymentPostprocessing = 0;
		};
/* End PBXFrameworksBuildPhase section */

/* Begin PBXGroup section */
		C90CBCA91CA808D600F1AD33 = {
			isa = PBXGroup;
			children = (
				C90CBCB41CA808D600F1AD33 /* HelloUIView */,
				C90CBCB31CA808D600F1AD33 /* Products */,
			);
			sourceTree = "<group>";
		};
		C90CBCB31CA808D600F1AD33 /* Products */ = {
			isa = PBXGroup;
			children = (
				C90CBCB21CA808D600F1AD33 /* HelloUIView.app */,
			);
			name = Products;
			sourceTree = "<group>";
		};
		C90CBCB41CA808D600F1AD33 /* HelloUIView */ = {
			isa = PBXGroup;
			children = (
				C90CBCB51CA808D600F1AD33 /* AppDelegate.swift */,
				C90CBCB71CA808D600F1AD33 /* ViewController.swift */,
				C90CBCB91CA808D600F1AD33 /* Main.storyboard */,
				C90CBCBC1CA808D600F1AD33 /* Assets.xcassets */,
				C90CBCBE1CA808D600F1AD33 /* LaunchScreen.storyboard */,
				C90CBCC11CA808D600F1AD33 /* Info.plist */,
			);
			path = HelloUIView;
			sourceTree = "<group>";
		};
/* End PBXGroup section */

/* Begin PBXNativeTarget section */
		C90CBCB11CA808D600F1AD33 /* HelloUIView */ = {
			isa = PBXNativeTarget;
			buildConfigurationList = C90CBCC41CA808D600F1AD33 /* Build configuration list for PBXNativeTarget "HelloUIView" */;
			buildPhases = (
				C90CBCAE1CA808D600F1AD33 /* Sources */,
				C90CBCAF1CA808D600F1AD33 /* Frameworks */,
				C90CBCB01CA808D600F1AD33 /* Resources */,
			);
			buildRules = (
			);
			dependencies = (
			);
			name = HelloUIView;
			productName = HelloUIView;
			productReference = C90CBCB21CA808D600F1AD33 /* HelloUIView.app */;
			productType = "com.apple.product-type.application";
		};
/* End PBXNativeTarget section */

/* Begin PBXProject section */
		C90CBCAA1CA808D600F1AD33 /* Project object */ = {
			isa = PBXProject;
			attributes = {
				LastSwiftUpdateCheck = 0730;
				LastUpgradeCheck = 0730;
				ORGANIZATIONNAME = Kero;
				TargetAttributes = {
					C90CBCB11CA808D600F1AD33 = {
						CreatedOnToolsVersion = 7.3;
					};
				};
			};
			buildConfigurationList = C90CBCAD1CA808D600F1AD33 /* Build configuration list for PBXProject "HelloUIView" */;
			compatibilityVersion = "Xcode 3.2";
			developmentRegion = English;
			hasScannedForEncodings = 0;
			knownRegions = (
				en,
				Base,
			);
			mainGroup = C90CBCA91CA808D600F1AD33;
			productRefGroup = C90CBCB31CA808D600F1AD33 /* Products */;
			projectDirPath = "";
			projectRoot = "";
			targets = (
				C90CBCB11CA808D600F1AD33 /* HelloUIView */,
			);
		};
/* End PBXProject section */

/* Begin PBXResourcesBuildPhase section */
		C90CBCB01CA808D600F1AD33 /* Resources */ = {
			isa = PBXResourcesBuildPhase;
			buildActionMask = 2147483647;
			files = (
				C90CBCC01CA808D600F1AD33 /* LaunchScreen.storyboard in Resources */,
				C90CBCBD1CA808D600F1AD33 /* Assets.xcassets in Resources */,
				C90CBCBB1CA808D600F1AD33 /* Main.storyboard in Resources */,
			);
			runOnlyForDeploymentPostprocessing = 0;
		};
/* End PBXResourcesBuildPhase section */

/* Begin PBXSourcesBuildPhase section */
		C90CBCAE1CA808D600F1AD33 /* Sources */ = {
			isa = PBXSourcesBuildPhase;
			buildActionMask = 2147483647;
			files = (
				C90CBCB81CA808D600F1AD33 /* ViewController.swift in Sources */,
				C90CBCB61CA808D600F1AD33 /* AppDelegate.swift in Sources */,
			);
			runOnlyForDeploymentPostprocessing = 0;
		};
/* End PBXSourcesBuildPhase section */

/* Begin PBXVariantGroup section */
		C90CBCB91CA808D600F1AD33 /* Main.storyboard */ = {
			isa = PBXVariantGroup;
			children = (
				C90CBCBA1CA808D600F1AD33 /* Base */,
			);
			name = Main.storyboard;
			sourceTree = "<group>";
		};
		C90CBCBE1CA808D600F1AD33 /* LaunchScreen.storyboard */ = {
			isa = PBXVariantGroup;
			children = (
				C90CBCBF1CA808D600F1AD33 /* Base */,
			);
			name = LaunchScreen.storyboard;
			sourceTree = "<group>";
		};
/* End PBXVariantGroup section */

/* Begin XCBuildConfiguration section */
		C90CBCC21CA808D600F1AD33 /* Debug */ = {
			isa = XCBuildConfiguration;
			buildSettings = {
				ALWAYS_SEARCH_USER_PATHS = NO;
				CLANG_ANALYZER_NONNULL = YES;
				CLANG_CXX_LANGUAGE_STANDARD = "gnu++0x";
				CLANG_CXX_LIBRARY = "libc++";
				CLANG_ENABLE_MODULES = YES;
				CLANG_ENABLE_OBJC_ARC = YES;
				CLANG_WARN_BOOL_CONVERSION = YES;
				CLANG_WARN_CONSTANT_CONVERSION = YES;
				CLANG_WARN_DIRECT_OBJC_ISA_USAGE = YES_ERROR;
				CLANG_WARN_EMPTY_BODY = YES;
				CLANG_WARN_ENUM_CONVERSION = YES;
				CLANG_WARN_INT_CONVERSION = YES;
				CLANG_WARN_OBJC_ROOT_CLASS = YES_ERROR;
				CLANG_WARN_UNREACHABLE_CODE = YES;
				CLANG_WARN__DUPLICATE_METHOD_MATCH = YES;
				"CODE_SIGN_IDENTITY[sdk=iphoneos*]" = "iPhone Developer";
				COPY_PHASE_STRIP = NO;
				DEBUG_INFORMATION_FORMAT = dwarf;
				ENABLE_STRICT_OBJC_MSGSEND = YES;
				ENABLE_TESTABILITY = YES;
				GCC_C_LANGUAGE_STANDARD = gnu99;
				GCC_DYNAMIC_NO_PIC = NO;
				GCC_NO_COMMON_BLOCKS = YES;
				GCC_OPTIMIZATION_LEVEL = 0;
				GCC_PREPROCESSOR_DEFINITIONS = (
					"DEBUG=1",
					"$(inherited)",
				);
				GCC_WARN_64_TO_32_BIT_CONVERSION = YES;
				GCC_WARN_ABOUT_RETURN_TYPE = YES_ERROR;
				GCC_WARN_UNDECLARED_SELECTOR = YES;
				GCC_WARN_UNINITIALIZED_AUTOS = YES_AGGRESSIVE;
				GCC_WARN_UNUSED_FUNCTION = YES;
				GCC_WARN_UNUSED_VARIABLE = YES;
				IPHONEOS_DEPLOYMENT_TARGET = 9.3;
				MTL_ENABLE_DEBUG_INFO = YES;
				ONLY_ACTIVE_ARCH = YES;
				SDKROOT = iphoneos;
				SWIFT_OPTIMIZATION_LEVEL = "-Onone";
				TARGETED_DEVICE_FAMILY = "1,2";
			};
			name = Debug;
		};
		C90CBCC31CA808D600F1AD33 /* Release */ = {
			isa = XCBuildConfiguration;
			buildSettings = {
				ALWAYS_SEARCH_USER_PATHS = NO;
				CLANG_ANALYZER_NONNULL = YES;
				CLANG_CXX_LANGUAGE_STANDARD = "gnu++0x";
				CLANG_CXX_LIBRARY = "libc++";
				CLANG_ENABLE_MODULES = YES;
				CLANG_ENABLE_OBJC_ARC = YES;
				CLANG_WARN_BOOL_CONVERSION = YES;
				CLANG_WARN_CONSTANT_CONVERSION = YES;
				CLANG_WARN_DIRECT_OBJC_ISA_USAGE = YES_ERROR;
				CLANG_WARN_EMPTY_BODY = YES;
				CLANG_WARN_ENUM_CONVERSION = YES;
				CLANG_WARN_INT_CONVERSION = YES;
				CLANG_WARN_OBJC_ROOT_CLASS = YES_ERROR;
				CLANG_WARN_UNREACHABLE_CODE = YES;
				CLANG_WARN__DUPLICATE_METHOD_MATCH = YES;
				"CODE_SIGN_IDENTITY[sdk=iphoneos*]" = "iPhone Developer";
				COPY_PHASE_STRIP = NO;
				DEBUG_INFORMATION_FORMAT = "dwarf-with-dsym";
				ENABLE_NS_ASSERTIONS = NO;
				ENABLE_STRICT_OBJC_MSGSEND = YES;
				GCC_C_LANGUAGE_STANDARD = gnu99;
				GCC_NO_COMMON_BLOCKS = YES;
				GCC_WARN_64_TO_32_BIT_CONVERSION = YES;
				GCC_WARN_ABOUT_RETURN_TYPE = YES_ERROR;
				GCC_WARN_UNDECLARED_SELECTOR = YES;
				GCC_WARN_UNINITIALIZED_AUTOS = YES_AGGRESSIVE;
				GCC_WARN_UNUSED_FUNCTION = YES;
				GCC_WARN_UNUSED_VARIABLE = YES;
				IPHONEOS_DEPLOYMENT_TARGET = 9.3;
				MTL_ENABLE_DEBUG_INFO = NO;
				SDKROOT = iphoneos;
				TARGETED_DEVICE_FAMILY = "1,2";
				VALIDATE_PRODUCT = YES;
			};
			name = Release;
		};
		C90CBCC51CA808D600F1AD33 /* Debug */ = {
			isa = XCBuildConfiguration;
			buildSettings = {
				ASSETCATALOG_COMPILER_APPICON_NAME = AppIcon;
				INFOPLIST_FILE = HelloUIView/Info.plist;
				LD_RUNPATH_SEARCH_PATHS = "$(inherited) @executable_path/Frameworks";
				PRODUCT_BUNDLE_IDENTIFIER = com.kero.HelloUIView;
				PRODUCT_NAME = "$(TARGET_NAME)";
			};
			name = Debug;
		};
		C90CBCC61CA808D600F1AD33 /* Release */ = {
			isa = XCBuildConfiguration;
			buildSettings = {
				ASSETCATALOG_COMPILER_APPICON_NAME = AppIcon;
				INFOPLIST_FILE = HelloUIView/Info.plist;
				LD_RUNPATH_SEARCH_PATHS = "$(inherited) @executable_path/Frameworks";
				PRODUCT_BUNDLE_IDENTIFIER = com.kero.HelloUIView;
				PRODUCT_NAME = "$(TARGET_NAME)";
			};
			name = Release;
		};
/* End XCBuildConfiguration section */

/* Begin XCConfigurationList section */
		C90CBCAD1CA808D600F1AD33 /* Build configuration list for PBXProject "HelloUIView" */ = {
			isa = XCConfigurationList;
			buildConfigurations = (
				C90CBCC21CA808D600F1AD33 /* Debug */,
				C90CBCC31CA808D600F1AD33 /* Release */,
			);
			defaultConfigurationIsVisible = 0;
			defaultConfigurationName = Release;
		};
		C90CBCC41CA808D600F1AD33 /* Build configuration list for PBXNativeTarget "HelloUIView" */ = {
			isa = XCConfigurationList;
			buildConfigurations = (
				C90CBCC51CA808D600F1AD33 /* Debug */,
				C90CBCC61CA808D600F1AD33 /* Release */,
			);
			defaultConfigurationIsVisible = 0;
		};
/* End XCConfigurationList section */
	};
	rootObject = C90CBCAA1CA808D600F1AD33 /* Project object */;
}
