// !$*UTF8*$!
{
	archiveVersion = 1;
	classes = {
	};
	objectVersion = 46;
	objects = {

/* Begin PBXBuildFile section */
		C957D4911CE723E800311C34 /* AppDelegate.swift in Sources */ = {isa = PBXBuildFile; fileRef = C957D4901CE723E800311C34 /* AppDelegate.swift */; };
		C957D4931CE723E800311C34 /* ViewController.swift in Sources */ = {isa = PBXBuildFile; fileRef = C957D4921CE723E800311C34 /* ViewController.swift */; };
		C957D4961CE723E800311C34 /* Main.storyboard in Resources */ = {isa = PBXBuildFile; fileRef = C957D4941CE723E800311C34 /* Main.storyboard */; };
		C957D4981CE723E800311C34 /* Assets.xcassets in Resources */ = {isa = PBXBuildFile; fileRef = C957D4971CE723E800311C34 /* Assets.xcassets */; };
		C957D49B1CE723E800311C34 /* LaunchScreen.storyboard in Resources */ = {isa = PBXBuildFile; fileRef = C957D4991CE723E800311C34 /* LaunchScreen.storyboard */; };
		C957D4E71CEB01E000311C34 /* AnimalTableViewController.swift in Sources */ = {isa = PBXBuildFile; fileRef = C957D4E61CEB01E000311C34 /* AnimalTableViewController.swift */; };
/* End PBXBuildFile section */

/* Begin PBXFileReference section */
		C957D48D1CE723E800311C34 /* HelloTableView.app */ = {isa = PBXFileReference; explicitFileType = wrapper.application; includeInIndex = 0; path = HelloTableView.app; sourceTree = BUILT_PRODUCTS_DIR; };
		C957D4901CE723E800311C34 /* AppDelegate.swift */ = {isa = PBXFileReference; lastKnownFileType = sourcecode.swift; path = AppDelegate.swift; sourceTree = "<group>"; };
		C957D4921CE723E800311C34 /* ViewController.swift */ = {isa = PBXFileReference; lastKnownFileType = sourcecode.swift; path = ViewController.swift; sourceTree = "<group>"; };
		C957D4951CE723E800311C34 /* Base */ = {isa = PBXFileReference; lastKnownFileType = file.storyboard; name = Base; path = Base.lproj/Main.storyboard; sourceTree = "<group>"; };
		C957D4971CE723E800311C34 /* Assets.xcassets */ = {isa = PBXFileReference; lastKnownFileType = folder.assetcatalog; path = Assets.xcassets; sourceTree = "<group>"; };
		C957D49A1CE723E800311C34 /* Base */ = {isa = PBXFileReference; lastKnownFileType = file.storyboard; name = Base; path = Base.lproj/LaunchScreen.storyboard; sourceTree = "<group>"; };
		C957D49C1CE723E800311C34 /* Info.plist */ = {isa = PBXFileReference; lastKnownFileType = text.plist.xml; path = Info.plist; sourceTree = "<group>"; };
		C957D4E61CEB01E000311C34 /* AnimalTableViewController.swift */ = {isa = PBXFileReference; fileEncoding = 4; lastKnownFileType = sourcecode.swift; path = AnimalTableViewController.swift; sourceTree = "<group>"; };
/* End PBXFileReference section */

/* Begin PBXFrameworksBuildPhase section */
		C957D48A1CE723E800311C34 /* Frameworks */ = {
			isa = PBXFrameworksBuildPhase;
			buildActionMask = 2147483647;
			files = (
			);
			runOnlyForDeploymentPostprocessing = 0;
		};
/* End PBXFrameworksBuildPhase section */

/* Begin PBXGroup section */
		C957D4841CE723E800311C34 = {
			isa = PBXGroup;
			children = (
				C957D48F1CE723E800311C34 /* HelloTableView */,
				C957D48E1CE723E800311C34 /* Products */,
			);
			sourceTree = "<group>";
		};
		C957D48E1CE723E800311C34 /* Products */ = {
			isa = PBXGroup;
			children = (
				C957D48D1CE723E800311C34 /* HelloTableView.app */,
			);
			name = Products;
			sourceTree = "<group>";
		};
		C957D48F1CE723E800311C34 /* HelloTableView */ = {
			isa = PBXGroup;
			children = (
				C957D4901CE723E800311C34 /* AppDelegate.swift */,
				C957D4921CE723E800311C34 /* ViewController.swift */,
				C957D4941CE723E800311C34 /* Main.storyboard */,
				C957D4971CE723E800311C34 /* Assets.xcassets */,
				C957D4991CE723E800311C34 /* LaunchScreen.storyboard */,
				C957D49C1CE723E800311C34 /* Info.plist */,
				C957D4E61CEB01E000311C34 /* AnimalTableViewController.swift */,
			);
			path = HelloTableView;
			sourceTree = "<group>";
		};
/* End PBXGroup section */

/* Begin PBXNativeTarget section */
		C957D48C1CE723E800311C34 /* HelloTableView */ = {
			isa = PBXNativeTarget;
			buildConfigurationList = C957D49F1CE723E800311C34 /* Build configuration list for PBXNativeTarget "HelloTableView" */;
			buildPhases = (
				C957D4891CE723E800311C34 /* Sources */,
				C957D48A1CE723E800311C34 /* Frameworks */,
				C957D48B1CE723E800311C34 /* Resources */,
			);
			buildRules = (
			);
			dependencies = (
			);
			name = HelloTableView;
			productName = HelloTableView;
			productReference = C957D48D1CE723E800311C34 /* HelloTableView.app */;
			productType = "com.apple.product-type.application";
		};
/* End PBXNativeTarget section */

/* Begin PBXProject section */
		C957D4851CE723E800311C34 /* Project object */ = {
			isa = PBXProject;
			attributes = {
				LastSwiftUpdateCheck = 0730;
				LastUpgradeCheck = 0730;
				ORGANIZATIONNAME = Kero;
				TargetAttributes = {
					C957D48C1CE723E800311C34 = {
						CreatedOnToolsVersion = 7.3.1;
					};
				};
			};
			buildConfigurationList = C957D4881CE723E800311C34 /* Build configuration list for PBXProject "HelloTableView" */;
			compatibilityVersion = "Xcode 3.2";
			developmentRegion = English;
			hasScannedForEncodings = 0;
			knownRegions = (
				en,
				Base,
			);
			mainGroup = C957D4841CE723E800311C34;
			productRefGroup = C957D48E1CE723E800311C34 /* Products */;
			projectDirPath = "";
			projectRoot = "";
			targets = (
				C957D48C1CE723E800311C34 /* HelloTableView */,
			);
		};
/* End PBXProject section */

/* Begin PBXResourcesBuildPhase section */
		C957D48B1CE723E800311C34 /* Resources */ = {
			isa = PBXResourcesBuildPhase;
			buildActionMask = 2147483647;
			files = (
				C957D49B1CE723E800311C34 /* LaunchScreen.storyboard in Resources */,
				C957D4981CE723E800311C34 /* Assets.xcassets in Resources */,
				C957D4961CE723E800311C34 /* Main.storyboard in Resources */,
			);
			runOnlyForDeploymentPostprocessing = 0;
		};
/* End PBXResourcesBuildPhase section */

/* Begin PBXSourcesBuildPhase section */
		C957D4891CE723E800311C34 /* Sources */ = {
			isa = PBXSourcesBuildPhase;
			buildActionMask = 2147483647;
			files = (
				C957D4E71CEB01E000311C34 /* AnimalTableViewController.swift in Sources */,
				C957D4931CE723E800311C34 /* ViewController.swift in Sources */,
				C957D4911CE723E800311C34 /* AppDelegate.swift in Sources */,
			);
			runOnlyForDeploymentPostprocessing = 0;
		};
/* End PBXSourcesBuildPhase section */

/* Begin PBXVariantGroup section */
		C957D4941CE723E800311C34 /* Main.storyboard */ = {
			isa = PBXVariantGroup;
			children = (
				C957D4951CE723E800311C34 /* Base */,
			);
			name = Main.storyboard;
			sourceTree = "<group>";
		};
		C957D4991CE723E800311C34 /* LaunchScreen.storyboard */ = {
			isa = PBXVariantGroup;
			children = (
				C957D49A1CE723E800311C34 /* Base */,
			);
			name = LaunchScreen.storyboard;
			sourceTree = "<group>";
		};
/* End PBXVariantGroup section */

/* Begin XCBuildConfiguration section */
		C957D49D1CE723E800311C34 /* Debug */ = {
			isa = XCBuildConfiguration;
			buildSettings = {
				ALWAYS_SEARCH_USER_PATHS = NO;
				CLANG_ANALYZER_NONNULL = YES;
				CLANG_CXX_LANGUAGE_STANDARD = "gnu++0x";
				CLANG_CXX_LIBRARY = "libc++";
				CLANG_ENABLE_MODULES = YES;
				CLANG_ENABLE_OBJC_ARC = YES;
				CLANG_WARN_BOOL_CONVERSION = YES;
				CLANG_WARN_CONSTANT_CONVERSION = YES;
				CLANG_WARN_DIRECT_OBJC_ISA_USAGE = YES_ERROR;
				CLANG_WARN_EMPTY_BODY = YES;
				CLANG_WARN_ENUM_CONVERSION = YES;
				CLANG_WARN_INT_CONVERSION = YES;
				CLANG_WARN_OBJC_ROOT_CLASS = YES_ERROR;
				CLANG_WARN_UNREACHABLE_CODE = YES;
				CLANG_WARN__DUPLICATE_METHOD_MATCH = YES;
				"CODE_SIGN_IDENTITY[sdk=iphoneos*]" = "iPhone Developer";
				COPY_PHASE_STRIP = NO;
				DEBUG_INFORMATION_FORMAT = dwarf;
				ENABLE_STRICT_OBJC_MSGSEND = YES;
				ENABLE_TESTABILITY = YES;
				GCC_C_LANGUAGE_STANDARD = gnu99;
				GCC_DYNAMIC_NO_PIC = NO;
				GCC_NO_COMMON_BLOCKS = YES;
				GCC_OPTIMIZATION_LEVEL = 0;
				GCC_PREPROCESSOR_DEFINITIONS = (
					"DEBUG=1",
					"$(inherited)",
				);
				GCC_WARN_64_TO_32_BIT_CONVERSION = YES;
				GCC_WARN_ABOUT_RETURN_TYPE = YES_ERROR;
				GCC_WARN_UNDECLARED_SELECTOR = YES;
				GCC_WARN_UNINITIALIZED_AUTOS = YES_AGGRESSIVE;
				GCC_WARN_UNUSED_FUNCTION = YES;
				GCC_WARN_UNUSED_VARIABLE = YES;
				IPHONEOS_DEPLOYMENT_TARGET = 9.3;
				MTL_ENABLE_DEBUG_INFO = YES;
				ONLY_ACTIVE_ARCH = YES;
				SDKROOT = iphoneos;
				SWIFT_OPTIMIZATION_LEVEL = "-Onone";
				TARGETED_DEVICE_FAMILY = "1,2";
			};
			name = Debug;
		};
		C957D49E1CE723E800311C34 /* Release */ = {
			isa = XCBuildConfiguration;
			buildSettings = {
				ALWAYS_SEARCH_USER_PATHS = NO;
				CLANG_ANALYZER_NONNULL = YES;
				CLANG_CXX_LANGUAGE_STANDARD = "gnu++0x";
				CLANG_CXX_LIBRARY = "libc++";
				CLANG_ENABLE_MODULES = YES;
				CLANG_ENABLE_OBJC_ARC = YES;
				CLANG_WARN_BOOL_CONVERSION = YES;
				CLANG_WARN_CONSTANT_CONVERSION = YES;
				CLANG_WARN_DIRECT_OBJC_ISA_USAGE = YES_ERROR;
				CLANG_WARN_EMPTY_BODY = YES;
				CLANG_WARN_ENUM_CONVERSION = YES;
				CLANG_WARN_INT_CONVERSION = YES;
				CLANG_WARN_OBJC_ROOT_CLASS = YES_ERROR;
				CLANG_WARN_UNREACHABLE_CODE = YES;
				CLANG_WARN__DUPLICATE_METHOD_MATCH = YES;
				"CODE_SIGN_IDENTITY[sdk=iphoneos*]" = "iPhone Developer";
				COPY_PHASE_STRIP = NO;
				DEBUG_INFORMATION_FORMAT = "dwarf-with-dsym";
				ENABLE_NS_ASSERTIONS = NO;
				ENABLE_STRICT_OBJC_MSGSEND = YES;
				GCC_C_LANGUAGE_STANDARD = gnu99;
				GCC_NO_COMMON_BLOCKS = YES;
				GCC_WARN_64_TO_32_BIT_CONVERSION = YES;
				GCC_WARN_ABOUT_RETURN_TYPE = YES_ERROR;
				GCC_WARN_UNDECLARED_SELECTOR = YES;
				GCC_WARN_UNINITIALIZED_AUTOS = YES_AGGRESSIVE;
				GCC_WARN_UNUSED_FUNCTION = YES;
				GCC_WARN_UNUSED_VARIABLE = YES;
				IPHONEOS_DEPLOYMENT_TARGET = 9.3;
				MTL_ENABLE_DEBUG_INFO = NO;
				SDKROOT = iphoneos;
				TARGETED_DEVICE_FAMILY = "1,2";
				VALIDATE_PRODUCT = YES;
			};
			name = Release;
		};
		C957D4A01CE723E800311C34 /* Debug */ = {
			isa = XCBuildConfiguration;
			buildSettings = {
				ASSETCATALOG_COMPILER_APPICON_NAME = AppIcon;
				INFOPLIST_FILE = HelloTableView/Info.plist;
				LD_RUNPATH_SEARCH_PATHS = "$(inherited) @executable_path/Frameworks";
				PRODUCT_BUNDLE_IDENTIFIER = com.kero.HelloTableView;
				PRODUCT_NAME = "$(TARGET_NAME)";
			};
			name = Debug;
		};
		C957D4A11CE723E800311C34 /* Release */ = {
			isa = XCBuildConfiguration;
			buildSettings = {
				ASSETCATALOG_COMPILER_APPICON_NAME = AppIcon;
				INFOPLIST_FILE = HelloTableView/Info.plist;
				LD_RUNPATH_SEARCH_PATHS = "$(inherited) @executable_path/Frameworks";
				PRODUCT_BUNDLE_IDENTIFIER = com.kero.HelloTableView;
				PRODUCT_NAME = "$(TARGET_NAME)";
			};
			name = Release;
		};
/* End XCBuildConfiguration section */

/* Begin XCConfigurationList section */
		C957D4881CE723E800311C34 /* Build configuration list for PBXProject "HelloTableView" */ = {
			isa = XCConfigurationList;
			buildConfigurations = (
				C957D49D1CE723E800311C34 /* Debug */,
				C957D49E1CE723E800311C34 /* Release */,
			);
			defaultConfigurationIsVisible = 0;
			defaultConfigurationName = Release;
		};
		C957D49F1CE723E800311C34 /* Build configuration list for PBXNativeTarget "HelloTableView" */ = {
			isa = XCConfigurationList;
			buildConfigurations = (
				C957D4A01CE723E800311C34 /* Debug */,
				C957D4A11CE723E800311C34 /* Release */,
			);
			defaultConfigurationIsVisible = 0;
			defaultConfigurationName = Release;
		};
/* End XCConfigurationList section */
	};
	rootObject = C957D4851CE723E800311C34 /* Project object */;
}
