// !$*UTF8*$!
{
	archiveVersion = 1;
	classes = {
	};
	objectVersion = 46;
	objects = {

/* Begin PBXBuildFile section */
		C9AD97231CF9721D00672234 /* AppDelegate.swift in Sources */ = {isa = PBXBuildFile; fileRef = C9AD97221CF9721D00672234 /* AppDelegate.swift */; };
		C9AD97251CF9721D00672234 /* ViewController.swift in Sources */ = {isa = PBXBuildFile; fileRef = C9AD97241CF9721D00672234 /* ViewController.swift */; };
		C9AD97281CF9721D00672234 /* Main.storyboard in Resources */ = {isa = PBXBuildFile; fileRef = C9AD97261CF9721D00672234 /* Main.storyboard */; };
		C9AD972A1CF9721D00672234 /* Assets.xcassets in Resources */ = {isa = PBXBuildFile; fileRef = C9AD97291CF9721D00672234 /* Assets.xcassets */; };
		C9AD972D1CF9721D00672234 /* LaunchScreen.storyboard in Resources */ = {isa = PBXBuildFile; fileRef = C9AD972B1CF9721D00672234 /* LaunchScreen.storyboard */; };
/* End PBXBuildFile section */

/* Begin PBXFileReference section */
		C9AD971F1CF9721D00672234 /* collectionViewPractice.app */ = {isa = PBXFileReference; explicitFileType = wrapper.application; includeInIndex = 0; path = collectionViewPractice.app; sourceTree = BUILT_PRODUCTS_DIR; };
		C9AD97221CF9721D00672234 /* AppDelegate.swift */ = {isa = PBXFileReference; lastKnownFileType = sourcecode.swift; path = AppDelegate.swift; sourceTree = "<group>"; };
		C9AD97241CF9721D00672234 /* ViewController.swift */ = {isa = PBXFileReference; lastKnownFileType = sourcecode.swift; path = ViewController.swift; sourceTree = "<group>"; };
		C9AD97271CF9721D00672234 /* Base */ = {isa = PBXFileReference; lastKnownFileType = file.storyboard; name = Base; path = Base.lproj/Main.storyboard; sourceTree = "<group>"; };
		C9AD97291CF9721D00672234 /* Assets.xcassets */ = {isa = PBXFileReference; lastKnownFileType = folder.assetcatalog; path = Assets.xcassets; sourceTree = "<group>"; };
		C9AD972C1CF9721D00672234 /* Base */ = {isa = PBXFileReference; lastKnownFileType = file.storyboard; name = Base; path = Base.lproj/LaunchScreen.storyboard; sourceTree = "<group>"; };
		C9AD972E1CF9721D00672234 /* Info.plist */ = {isa = PBXFileReference; lastKnownFileType = text.plist.xml; path = Info.plist; sourceTree = "<group>"; };
/* End PBXFileReference section */

/* Begin PBXFrameworksBuildPhase section */
		C9AD971C1CF9721D00672234 /* Frameworks */ = {
			isa = PBXFrameworksBuildPhase;
			buildActionMask = 2147483647;
			files = (
			);
			runOnlyForDeploymentPostprocessing = 0;
		};
/* End PBXFrameworksBuildPhase section */

/* Begin PBXGroup section */
		C9AD97161CF9721D00672234 = {
			isa = PBXGroup;
			children = (
				C9AD97211CF9721D00672234 /* collectionViewPractice */,
				C9AD97201CF9721D00672234 /* Products */,
			);
			sourceTree = "<group>";
		};
		C9AD97201CF9721D00672234 /* Products */ = {
			isa = PBXGroup;
			children = (
				C9AD971F1CF9721D00672234 /* collectionViewPractice.app */,
			);
			name = Products;
			sourceTree = "<group>";
		};
		C9AD97211CF9721D00672234 /* collectionViewPractice */ = {
			isa = PBXGroup;
			children = (
				C9AD97221CF9721D00672234 /* AppDelegate.swift */,
				C9AD97241CF9721D00672234 /* ViewController.swift */,
				C9AD97261CF9721D00672234 /* Main.storyboard */,
				C9AD97291CF9721D00672234 /* Assets.xcassets */,
				C9AD972B1CF9721D00672234 /* LaunchScreen.storyboard */,
				C9AD972E1CF9721D00672234 /* Info.plist */,
			);
			path = collectionViewPractice;
			sourceTree = "<group>";
		};
/* End PBXGroup section */

/* Begin PBXNativeTarget section */
		C9AD971E1CF9721D00672234 /* collectionViewPractice */ = {
			isa = PBXNativeTarget;
			buildConfigurationList = C9AD97311CF9721D00672234 /* Build configuration list for PBXNativeTarget "collectionViewPractice" */;
			buildPhases = (
				C9AD971B1CF9721D00672234 /* Sources */,
				C9AD971C1CF9721D00672234 /* Frameworks */,
				C9AD971D1CF9721D00672234 /* Resources */,
			);
			buildRules = (
			);
			dependencies = (
			);
			name = collectionViewPractice;
			productName = collectionViewPractice;
			productReference = C9AD971F1CF9721D00672234 /* collectionViewPractice.app */;
			productType = "com.apple.product-type.application";
		};
/* End PBXNativeTarget section */

/* Begin PBXProject section */
		C9AD97171CF9721D00672234 /* Project object */ = {
			isa = PBXProject;
			attributes = {
				LastSwiftUpdateCheck = 0730;
				LastUpgradeCheck = 0730;
				ORGANIZATIONNAME = Kero;
				TargetAttributes = {
					C9AD971E1CF9721D00672234 = {
						CreatedOnToolsVersion = 7.3.1;
					};
				};
			};
			buildConfigurationList = C9AD971A1CF9721D00672234 /* Build configuration list for PBXProject "collectionViewPractice" */;
			compatibilityVersion = "Xcode 3.2";
			developmentRegion = English;
			hasScannedForEncodings = 0;
			knownRegions = (
				en,
				Base,
			);
			mainGroup = C9AD97161CF9721D00672234;
			productRefGroup = C9AD97201CF9721D00672234 /* Products */;
			projectDirPath = "";
			projectRoot = "";
			targets = (
				C9AD971E1CF9721D00672234 /* collectionViewPractice */,
			);
		};
/* End PBXProject section */

/* Begin PBXResourcesBuildPhase section */
		C9AD971D1CF9721D00672234 /* Resources */ = {
			isa = PBXResourcesBuildPhase;
			buildActionMask = 2147483647;
			files = (
				C9AD972D1CF9721D00672234 /* LaunchScreen.storyboard in Resources */,
				C9AD972A1CF9721D00672234 /* Assets.xcassets in Resources */,
				C9AD97281CF9721D00672234 /* Main.storyboard in Resources */,
			);
			runOnlyForDeploymentPostprocessing = 0;
		};
/* End PBXResourcesBuildPhase section */

/* Begin PBXSourcesBuildPhase section */
		C9AD971B1CF9721D00672234 /* Sources */ = {
			isa = PBXSourcesBuildPhase;
			buildActionMask = 2147483647;
			files = (
				C9AD97251CF9721D00672234 /* ViewController.swift in Sources */,
				C9AD97231CF9721D00672234 /* AppDelegate.swift in Sources */,
			);
			runOnlyForDeploymentPostprocessing = 0;
		};
/* End PBXSourcesBuildPhase section */

/* Begin PBXVariantGroup section */
		C9AD97261CF9721D00672234 /* Main.storyboard */ = {
			isa = PBXVariantGroup;
			children = (
				C9AD97271CF9721D00672234 /* Base */,
			);
			name = Main.storyboard;
			sourceTree = "<group>";
		};
		C9AD972B1CF9721D00672234 /* LaunchScreen.storyboard */ = {
			isa = PBXVariantGroup;
			children = (
				C9AD972C1CF9721D00672234 /* Base */,
			);
			name = LaunchScreen.storyboard;
			sourceTree = "<group>";
		};
/* End PBXVariantGroup section */

/* Begin XCBuildConfiguration section */
		C9AD972F1CF9721D00672234 /* Debug */ = {
			isa = XCBuildConfiguration;
			buildSettings = {
				ALWAYS_SEARCH_USER_PATHS = NO;
				CLANG_ANALYZER_NONNULL = YES;
				CLANG_CXX_LANGUAGE_STANDARD = "gnu++0x";
				CLANG_CXX_LIBRARY = "libc++";
				CLANG_ENABLE_MODULES = YES;
				CLANG_ENABLE_OBJC_ARC = YES;
				CLANG_WARN_BOOL_CONVERSION = YES;
				CLANG_WARN_CONSTANT_CONVERSION = YES;
				CLANG_WARN_DIRECT_OBJC_ISA_USAGE = YES_ERROR;
				CLANG_WARN_EMPTY_BODY = YES;
				CLANG_WARN_ENUM_CONVERSION = YES;
				CLANG_WARN_INT_CONVERSION = YES;
				CLANG_WARN_OBJC_ROOT_CLASS = YES_ERROR;
				CLANG_WARN_UNREACHABLE_CODE = YES;
				CLANG_WARN__DUPLICATE_METHOD_MATCH = YES;
				"CODE_SIGN_IDENTITY[sdk=iphoneos*]" = "iPhone Developer";
				COPY_PHASE_STRIP = NO;
				DEBUG_INFORMATION_FORMAT = dwarf;
				ENABLE_STRICT_OBJC_MSGSEND = YES;
				ENABLE_TESTABILITY = YES;
				GCC_C_LANGUAGE_STANDARD = gnu99;
				GCC_DYNAMIC_NO_PIC = NO;
				GCC_NO_COMMON_BLOCKS = YES;
				GCC_OPTIMIZATION_LEVEL = 0;
				GCC_PREPROCESSOR_DEFINITIONS = (
					"DEBUG=1",
					"$(inherited)",
				);
				GCC_WARN_64_TO_32_BIT_CONVERSION = YES;
				GCC_WARN_ABOUT_RETURN_TYPE = YES_ERROR;
				GCC_WARN_UNDECLARED_SELECTOR = YES;
				GCC_WARN_UNINITIALIZED_AUTOS = YES_AGGRESSIVE;
				GCC_WARN_UNUSED_FUNCTION = YES;
				GCC_WARN_UNUSED_VARIABLE = YES;
				IPHONEOS_DEPLOYMENT_TARGET = 9.3;
				MTL_ENABLE_DEBUG_INFO = YES;
				ONLY_ACTIVE_ARCH = YES;
				SDKROOT = iphoneos;
				SWIFT_OPTIMIZATION_LEVEL = "-Onone";
			};
			name = Debug;
		};
		C9AD97301CF9721D00672234 /* Release */ = {
			isa = XCBuildConfiguration;
			buildSettings = {
				ALWAYS_SEARCH_USER_PATHS = NO;
				CLANG_ANALYZER_NONNULL = YES;
				CLANG_CXX_LANGUAGE_STANDARD = "gnu++0x";
				CLANG_CXX_LIBRARY = "libc++";
				CLANG_ENABLE_MODULES = YES;
				CLANG_ENABLE_OBJC_ARC = YES;
				CLANG_WARN_BOOL_CONVERSION = YES;
				CLANG_WARN_CONSTANT_CONVERSION = YES;
				CLANG_WARN_DIRECT_OBJC_ISA_USAGE = YES_ERROR;
				CLANG_WARN_EMPTY_BODY = YES;
				CLANG_WARN_ENUM_CONVERSION = YES;
				CLANG_WARN_INT_CONVERSION = YES;
				CLANG_WARN_OBJC_ROOT_CLASS = YES_ERROR;
				CLANG_WARN_UNREACHABLE_CODE = YES;
				CLANG_WARN__DUPLICATE_METHOD_MATCH = YES;
				"CODE_SIGN_IDENTITY[sdk=iphoneos*]" = "iPhone Developer";
				COPY_PHASE_STRIP = NO;
				DEBUG_INFORMATION_FORMAT = "dwarf-with-dsym";
				ENABLE_NS_ASSERTIONS = NO;
				ENABLE_STRICT_OBJC_MSGSEND = YES;
				GCC_C_LANGUAGE_STANDARD = gnu99;
				GCC_NO_COMMON_BLOCKS = YES;
				GCC_WARN_64_TO_32_BIT_CONVERSION = YES;
				GCC_WARN_ABOUT_RETURN_TYPE = YES_ERROR;
				GCC_WARN_UNDECLARED_SELECTOR = YES;
				GCC_WARN_UNINITIALIZED_AUTOS = YES_AGGRESSIVE;
				GCC_WARN_UNUSED_FUNCTION = YES;
				GCC_WARN_UNUSED_VARIABLE = YES;
				IPHONEOS_DEPLOYMENT_TARGET = 9.3;
				MTL_ENABLE_DEBUG_INFO = NO;
				SDKROOT = iphoneos;
				VALIDATE_PRODUCT = YES;
			};
			name = Release;
		};
		C9AD97321CF9721D00672234 /* Debug */ = {
			isa = XCBuildConfiguration;
			buildSettings = {
				ASSETCATALOG_COMPILER_APPICON_NAME = AppIcon;
				INFOPLIST_FILE = collectionViewPractice/Info.plist;
				LD_RUNPATH_SEARCH_PATHS = "$(inherited) @executable_path/Frameworks";
				PRODUCT_BUNDLE_IDENTIFIER = com.kero.collectionViewPractice;
				PRODUCT_NAME = "$(TARGET_NAME)";
			};
			name = Debug;
		};
		C9AD97331CF9721D00672234 /* Release */ = {
			isa = XCBuildConfiguration;
			buildSettings = {
				ASSETCATALOG_COMPILER_APPICON_NAME = AppIcon;
				INFOPLIST_FILE = collectionViewPractice/Info.plist;
				LD_RUNPATH_SEARCH_PATHS = "$(inherited) @executable_path/Frameworks";
				PRODUCT_BUNDLE_IDENTIFIER = com.kero.collectionViewPractice;
				PRODUCT_NAME = "$(TARGET_NAME)";
			};
			name = Release;
		};
/* End XCBuildConfiguration section */

/* Begin XCConfigurationList section */
		C9AD971A1CF9721D00672234 /* Build configuration list for PBXProject "collectionViewPractice" */ = {
			isa = XCConfigurationList;
			buildConfigurations = (
				C9AD972F1CF9721D00672234 /* Debug */,
				C9AD97301CF9721D00672234 /* Release */,
			);
			defaultConfigurationIsVisible = 0;
			defaultConfigurationName = Release;
		};
		C9AD97311CF9721D00672234 /* Build configuration list for PBXNativeTarget "collectionViewPractice" */ = {
			isa = XCConfigurationList;
			buildConfigurations = (
				C9AD97321CF9721D00672234 /* Debug */,
				C9AD97331CF9721D00672234 /* Release */,
			);
			defaultConfigurationIsVisible = 0;
		};
/* End XCConfigurationList section */
	};
	rootObject = C9AD97171CF9721D00672234 /* Project object */;
}
